
Microsoft Visual Studio Solution File, Format Version 12.00
# Visual Studio Version 17
VisualStudioVersion = 17.7.34024.191
MinimumVisualStudioVersion = 10.0.40219.1
Project("{9A19103F-16F7-4668-BE54-9A1E7A4F7556}") = "LearningManagementSystem", "LearningManagementSystem.csproj", "{B6F70141-01AC-49C5-8A71-6924A4182B36}"
EndProject
Global
	GlobalSection(SolutionConfigurationPlatforms) = preSolution
		Debug|Any CPU = Debug|Any CPU
		Release|Any CPU = Release|Any CPU
	EndGlobalSection
	GlobalSection(ProjectConfigurationPlatforms) = postSolution
		{B6F70141-01AC-49C5-8A71-6924A4182B36}.Debug|Any CPU.ActiveCfg = Debug|Any CPU
		{B6F70141-01AC-49C5-8A71-6924A4182B36}.Debug|Any CPU.Build.0 = Debug|Any CPU
		{B6F70141-01AC-49C5-8A71-6924A4182B36}.Release|Any CPU.ActiveCfg = Release|Any CPU
		{B6F70141-01AC-49C5-8A71-6924A4182B36}.Release|Any CPU.Build.0 = Release|Any CPU
	EndGlobalSection
	GlobalSection(SolutionProperties) = preSolution
		HideSolutionNode = FALSE
	EndGlobalSection
	GlobalSection(ExtensibilityGlobals) = postSolution
		SolutionGuid = {FE953E46-4BCD-4E16-A35E-31B5E3C1F0DE}
	EndGlobalSection
EndGlobal
